
Microsoft Visual Studio Solution File, Format Version 12.00
# Visual Studio Version 17
VisualStudioVersion = 17.7.34009.444
MinimumVisualStudioVersion = 10.0.40219.1
Project("{FAE04EC0-301F-11D3-BF4B-00C04F79EFBC}") = "CW_Havadzyn_V5", "CW_Havadzyn_V5\CW_Havadzyn_V5.csproj", "{1E740701-DF24-461D-A34B-0684DA66C603}"
EndProject
Global
	GlobalSection(SolutionConfigurationPlatforms) = preSolution
		Debug|Any CPU = Debug|Any CPU
		Release|Any CPU = Release|Any CPU
	EndGlobalSection
	GlobalSection(ProjectConfigurationPlatforms) = postSolution
		{1E740701-DF24-461D-A34B-0684DA66C603}.Debug|Any CPU.ActiveCfg = Debug|Any CPU
		{1E740701-DF24-461D-A34B-0684DA66C603}.Debug|Any CPU.Build.0 = Debug|Any CPU
		{1E740701-DF24-461D-A34B-0684DA66C603}.Release|Any CPU.ActiveCfg = Release|Any CPU
		{1E740701-DF24-461D-A34B-0684DA66C603}.Release|Any CPU.Build.0 = Release|Any CPU
	EndGlobalSection
	GlobalSection(SolutionProperties) = preSolution
		HideSolutionNode = FALSE
	EndGlobalSection
	GlobalSection(ExtensibilityGlobals) = postSolution
		SolutionGuid = {933369FA-636F-4DAB-8DAA-58590C328CD0}
	EndGlobalSection
EndGlobal
